
Microsoft Visual Studio Solution File, Format Version 12.00
# Visual Studio Version 17
VisualStudioVersion = 17.3.32811.315
MinimumVisualStudioVersion = 10.0.40219.1
Project("{9A19103F-16F7-4668-BE54-9A1E7A4F7556}") = "NewsApiData", "ApiData\NewsApiData.csproj", "{D7F6E7ED-1316-416E-8ED0-863B94CAEF51}"
EndProject
Project("{9A19103F-16F7-4668-BE54-9A1E7A4F7556}") = "NewsApiDomin", "NewsApiDomin\NewsApiDomin.csproj", "{7CE095B7-2505-485B-8995-67A28FFF5421}"
EndProject
Project("{9A19103F-16F7-4668-BE54-9A1E7A4F7556}") = "NewsApiServies", "NewsApiServies\NewsApiServies.csproj", "{C1BE7FCA-1A84-43AD-9348-DA38C88CF863}"
EndProject
Project("{9A19103F-16F7-4668-BE54-9A1E7A4F7556}") = "NewsApiRepositories", "NewsApiRepositories\NewsApiRepositories.csproj", "{068EEDC1-9744-4705-A13A-5D3150A6EE2F}"
EndProject
Project("{FAE04EC0-301F-11D3-BF4B-00C04F79EFBC}") = "NewsApi", "News_Api\NewsApi.csproj", "{43816084-1A2F-4887-A928-447848035C8D}"
EndProject
Global
	GlobalSection(SolutionConfigurationPlatforms) = preSolution
		Debug|Any CPU = Debug|Any CPU
		Release|Any CPU = Release|Any CPU
	EndGlobalSection
	GlobalSection(ProjectConfigurationPlatforms) = postSolution
		{D7F6E7ED-1316-416E-8ED0-863B94CAEF51}.Debug|Any CPU.ActiveCfg = Debug|Any CPU
		{D7F6E7ED-1316-416E-8ED0-863B94CAEF51}.Debug|Any CPU.Build.0 = Debug|Any CPU
		{D7F6E7ED-1316-416E-8ED0-863B94CAEF51}.Release|Any CPU.ActiveCfg = Release|Any CPU
		{D7F6E7ED-1316-416E-8ED0-863B94CAEF51}.Release|Any CPU.Build.0 = Release|Any CPU
		{7CE095B7-2505-485B-8995-67A28FFF5421}.Debug|Any CPU.ActiveCfg = Debug|Any CPU
		{7CE095B7-2505-485B-8995-67A28FFF5421}.Debug|Any CPU.Build.0 = Debug|Any CPU
		{7CE095B7-2505-485B-8995-67A28FFF5421}.Release|Any CPU.ActiveCfg = Release|Any CPU
		{7CE095B7-2505-485B-8995-67A28FFF5421}.Release|Any CPU.Build.0 = Release|Any CPU
		{C1BE7FCA-1A84-43AD-9348-DA38C88CF863}.Debug|Any CPU.ActiveCfg = Debug|Any CPU
		{C1BE7FCA-1A84-43AD-9348-DA38C88CF863}.Debug|Any CPU.Build.0 = Debug|Any CPU
		{C1BE7FCA-1A84-43AD-9348-DA38C88CF863}.Release|Any CPU.ActiveCfg = Release|Any CPU
		{C1BE7FCA-1A84-43AD-9348-DA38C88CF863}.Release|Any CPU.Build.0 = Release|Any CPU
		{068EEDC1-9744-4705-A13A-5D3150A6EE2F}.Debug|Any CPU.ActiveCfg = Debug|Any CPU
		{068EEDC1-9744-4705-A13A-5D3150A6EE2F}.Debug|Any CPU.Build.0 = Debug|Any CPU
		{068EEDC1-9744-4705-A13A-5D3150A6EE2F}.Release|Any CPU.ActiveCfg = Release|Any CPU
		{068EEDC1-9744-4705-A13A-5D3150A6EE2F}.Release|Any CPU.Build.0 = Release|Any CPU
		{43816084-1A2F-4887-A928-447848035C8D}.Debug|Any CPU.ActiveCfg = Debug|Any CPU
		{43816084-1A2F-4887-A928-447848035C8D}.Debug|Any CPU.Build.0 = Debug|Any CPU
		{43816084-1A2F-4887-A928-447848035C8D}.Release|Any CPU.ActiveCfg = Release|Any CPU
		{43816084-1A2F-4887-A928-447848035C8D}.Release|Any CPU.Build.0 = Release|Any CPU
	EndGlobalSection
	GlobalSection(SolutionProperties) = preSolution
		HideSolutionNode = FALSE
	EndGlobalSection
	GlobalSection(ExtensibilityGlobals) = postSolution
		SolutionGuid = {8FE2CD44-D972-4EB3-BA2E-F42397D6DF3C}
	EndGlobalSection
EndGlobal
