
Microsoft Visual Studio Solution File, Format Version 12.00
# Visual Studio Version 17
VisualStudioVersion = 17.8.34330.188
MinimumVisualStudioVersion = 10.0.40219.1
Project("{FAE04EC0-301F-11D3-BF4B-00C04F79EFBC}") = "TrainnigApI", "Trainnig\TrainnigApI.csproj", "{2B967EE3-1B0B-42CA-A99E-2DACE6324834}"
EndProject
Global
	GlobalSection(SolutionConfigurationPlatforms) = preSolution
		Debug|Any CPU = Debug|Any CPU
		Release|Any CPU = Release|Any CPU
	EndGlobalSection
	GlobalSection(ProjectConfigurationPlatforms) = postSolution
		{2B967EE3-1B0B-42CA-A99E-2DACE6324834}.Debug|Any CPU.ActiveCfg = Debug|Any CPU
		{2B967EE3-1B0B-42CA-A99E-2DACE6324834}.Debug|Any CPU.Build.0 = Debug|Any CPU
		{2B967EE3-1B0B-42CA-A99E-2DACE6324834}.Release|Any CPU.ActiveCfg = Release|Any CPU
		{2B967EE3-1B0B-42CA-A99E-2DACE6324834}.Release|Any CPU.Build.0 = Release|Any CPU
	EndGlobalSection
	GlobalSection(SolutionProperties) = preSolution
		HideSolutionNode = FALSE
	EndGlobalSection
	GlobalSection(ExtensibilityGlobals) = postSolution
		SolutionGuid = {CE6EE39D-7EFD-45D9-B4FD-92109E44CC51}
	EndGlobalSection
EndGlobal
